// !$*UTF8*$!
{
	archiveVersion = 1;
	classes = {
	};
	objectVersion = 77;
	objects = {

/* Begin PBXBuildFile section */
		4C66FF5E2D5168160095FCBE /* FirebaseAuth in Frameworks */ = {isa = PBXBuildFile; productRef = 4C66FF5D2D5168160095FCBE /* FirebaseAuth */; };
		4C66FF602D5168160095FCBE /* FirebaseFirestore in Frameworks */ = {isa = PBXBuildFile; productRef = 4C66FF5F2D5168160095FCBE /* FirebaseFirestore */; };
		4C66FF622D5168160095FCBE /* FirebaseStorage in Frameworks */ = {isa = PBXBuildFile; productRef = 4C66FF612D5168160095FCBE /* FirebaseStorage */; };
		4C66FF662D516BE30095FCBE /* FirebaseAnalytics in Frameworks */ = {isa = PBXBuildFile; productRef = 4C66FF652D516BE30095FCBE /* FirebaseAnalytics */; };
		4C66FF682D516BE30095FCBE /* FirebaseAnalyticsWithoutAdIdSupport in Frameworks */ = {isa = PBXBuildFile; productRef = 4C66FF672D516BE30095FCBE /* FirebaseAnalyticsWithoutAdIdSupport */; };
		4C7611412D540A2800D24827 /* FirebaseDatabase in Frameworks */ = {isa = PBXBuildFile; productRef = 4C7611402D540A2800D24827 /* FirebaseDatabase */; };
		4CDCA7FA2D56BE1D0009BFBC /* GoogleService-Info.plist in Resources */ = {isa = PBXBuildFile; fileRef = 4CDCA7F92D56BE1D0009BFBC /* GoogleService-Info.plist */; };
/* End PBXBuildFile section */

/* Begin PBXContainerItemProxy section */
		4C8773612D514B21009D99EE /* PBXContainerItemProxy */ = {
			isa = PBXContainerItemProxy;
			containerPortal = 4C8773482D514B1F009D99EE /* Project object */;
			proxyType = 1;
			remoteGlobalIDString = 4C87734F2D514B1F009D99EE;
			remoteInfo = ReelAI;
		};
		4C87736B2D514B21009D99EE /* PBXContainerItemProxy */ = {
			isa = PBXContainerItemProxy;
			containerPortal = 4C8773482D514B1F009D99EE /* Project object */;
			proxyType = 1;
			remoteGlobalIDString = 4C87734F2D514B1F009D99EE;
			remoteInfo = ReelAI;
		};
/* End PBXContainerItemProxy section */

/* Begin PBXFileReference section */
		4C8773502D514B1F009D99EE /* ReelAI.app */ = {isa = PBXFileReference; explicitFileType = wrapper.application; includeInIndex = 0; path = ReelAI.app; sourceTree = BUILT_PRODUCTS_DIR; };
		4C8773602D514B21009D99EE /* ReelAITests.xctest */ = {isa = PBXFileReference; explicitFileType = wrapper.cfbundle; includeInIndex = 0; path = ReelAITests.xctest; sourceTree = BUILT_PRODUCTS_DIR; };
		4C87736A2D514B21009D99EE /* ReelAIUITests.xctest */ = {isa = PBXFileReference; explicitFileType = wrapper.cfbundle; includeInIndex = 0; path = ReelAIUITests.xctest; sourceTree = BUILT_PRODUCTS_DIR; };
		4CDCA7F92D56BE1D0009BFBC /* GoogleService-Info.plist */ = {isa = PBXFileReference; lastKnownFileType = text.plist.xml; path = "GoogleService-Info.plist"; sourceTree = "<group>"; };
/* End PBXFileReference section */

/* Begin PBXFileSystemSynchronizedRootGroup section */
		4C8773522D514B1F009D99EE /* ReelAI */ = {
			isa = PBXFileSystemSynchronizedRootGroup;
			path = ReelAI;
			sourceTree = "<group>";
		};
		4C8773632D514B21009D99EE /* ReelAITests */ = {
			isa = PBXFileSystemSynchronizedRootGroup;
			path = ReelAITests;
			sourceTree = "<group>";
		};
		4C87736D2D514B21009D99EE /* ReelAIUITests */ = {
			isa = PBXFileSystemSynchronizedRootGroup;
			path = ReelAIUITests;
			sourceTree = "<group>";
		};
/* End PBXFileSystemSynchronizedRootGroup section */

/* Begin PBXFrameworksBuildPhase section */
		4C87734D2D514B1F009D99EE /* Frameworks */ = {
			isa = PBXFrameworksBuildPhase;
			buildActionMask = 2147483647;
			files = (
				4C7611412D540A2800D24827 /* FirebaseDatabase in Frameworks */,
				4C66FF5E2D5168160095FCBE /* FirebaseAuth in Frameworks */,
				4C66FF682D516BE30095FCBE /* FirebaseAnalyticsWithoutAdIdSupport in Frameworks */,
				4C66FF602D5168160095FCBE /* FirebaseFirestore in Frameworks */,
				4C66FF662D516BE30095FCBE /* FirebaseAnalytics in Frameworks */,
				4C66FF622D5168160095FCBE /* FirebaseStorage in Frameworks */,
			);
			runOnlyForDeploymentPostprocessing = 0;
		};
		4C87735D2D514B21009D99EE /* Frameworks */ = {
			isa = PBXFrameworksBuildPhase;
			buildActionMask = 2147483647;
			files = (
			);
			runOnlyForDeploymentPostprocessing = 0;
		};
		4C8773672D514B21009D99EE /* Frameworks */ = {
			isa = PBXFrameworksBuildPhase;
			buildActionMask = 2147483647;
			files = (
			);
			runOnlyForDeploymentPostprocessing = 0;
		};
/* End PBXFrameworksBuildPhase section */

/* Begin PBXGroup section */
		4C8773472D514B1F009D99EE = {
			isa = PBXGroup;
			children = (
				4CDCA7F92D56BE1D0009BFBC /* GoogleService-Info.plist */,
				4C8773522D514B1F009D99EE /* ReelAI */,
				4C8773632D514B21009D99EE /* ReelAITests */,
				4C87736D2D514B21009D99EE /* ReelAIUITests */,
				4C8773512D514B1F009D99EE /* Products */,
			);
			sourceTree = "<group>";
		};
		4C8773512D514B1F009D99EE /* Products */ = {
			isa = PBXGroup;
			children = (
				4C8773502D514B1F009D99EE /* ReelAI.app */,
				4C8773602D514B21009D99EE /* ReelAITests.xctest */,
				4C87736A2D514B21009D99EE /* ReelAIUITests.xctest */,
			);
			name = Products;
			sourceTree = "<group>";
		};
/* End PBXGroup section */

/* Begin PBXNativeTarget section */
		4C87734F2D514B1F009D99EE /* ReelAI */ = {
			isa = PBXNativeTarget;
			buildConfigurationList = 4C8773742D514B21009D99EE /* Build configuration list for PBXNativeTarget "ReelAI" */;
			buildPhases = (
				4C87734C2D514B1F009D99EE /* Sources */,
				4C87734D2D514B1F009D99EE /* Frameworks */,
				4C87734E2D514B1F009D99EE /* Resources */,
			);
			buildRules = (
			);
			dependencies = (
			);
			fileSystemSynchronizedGroups = (
				4C8773522D514B1F009D99EE /* ReelAI */,
			);
			name = ReelAI;
			packageProductDependencies = (
				4C66FF5D2D5168160095FCBE /* FirebaseAuth */,
				4C66FF5F2D5168160095FCBE /* FirebaseFirestore */,
				4C66FF612D5168160095FCBE /* FirebaseStorage */,
				4C66FF652D516BE30095FCBE /* FirebaseAnalytics */,
				4C66FF672D516BE30095FCBE /* FirebaseAnalyticsWithoutAdIdSupport */,
				4C7611402D540A2800D24827 /* FirebaseDatabase */,
			);
			productName = ReelAI;
			productReference = 4C8773502D514B1F009D99EE /* ReelAI.app */;
			productType = "com.apple.product-type.application";
		};
		4C87735F2D514B21009D99EE /* ReelAITests */ = {
			isa = PBXNativeTarget;
			buildConfigurationList = 4C8773772D514B21009D99EE /* Build configuration list for PBXNativeTarget "ReelAITests" */;
			buildPhases = (
				4C87735C2D514B21009D99EE /* Sources */,
				4C87735D2D514B21009D99EE /* Frameworks */,
				4C87735E2D514B21009D99EE /* Resources */,
			);
			buildRules = (
			);
			dependencies = (
				4C8773622D514B21009D99EE /* PBXTargetDependency */,
			);
			fileSystemSynchronizedGroups = (
				4C8773632D514B21009D99EE /* ReelAITests */,
			);
			name = ReelAITests;
			packageProductDependencies = (
			);
			productName = ReelAITests;
			productReference = 4C8773602D514B21009D99EE /* ReelAITests.xctest */;
			productType = "com.apple.product-type.bundle.unit-test";
		};
		4C8773692D514B21009D99EE /* ReelAIUITests */ = {
			isa = PBXNativeTarget;
			buildConfigurationList = 4C87737A2D514B21009D99EE /* Build configuration list for PBXNativeTarget "ReelAIUITests" */;
			buildPhases = (
				4C8773662D514B21009D99EE /* Sources */,
				4C8773672D514B21009D99EE /* Frameworks */,
				4C8773682D514B21009D99EE /* Resources */,
			);
			buildRules = (
			);
			dependencies = (
				4C87736C2D514B21009D99EE /* PBXTargetDependency */,
			);
			fileSystemSynchronizedGroups = (
				4C87736D2D514B21009D99EE /* ReelAIUITests */,
			);
			name = ReelAIUITests;
			packageProductDependencies = (
			);
			productName = ReelAIUITests;
			productReference = 4C87736A2D514B21009D99EE /* ReelAIUITests.xctest */;
			productType = "com.apple.product-type.bundle.ui-testing";
		};
/* End PBXNativeTarget section */

/* Begin PBXProject section */
		4C8773482D514B1F009D99EE /* Project object */ = {
			isa = PBXProject;
			attributes = {
				BuildIndependentTargetsInParallel = 1;
				LastSwiftUpdateCheck = 1620;
				LastUpgradeCheck = 1620;
				TargetAttributes = {
					4C87734F2D514B1F009D99EE = {
						CreatedOnToolsVersion = 16.2;
					};
					4C87735F2D514B21009D99EE = {
						CreatedOnToolsVersion = 16.2;
						TestTargetID = 4C87734F2D514B1F009D99EE;
					};
					4C8773692D514B21009D99EE = {
						CreatedOnToolsVersion = 16.2;
						TestTargetID = 4C87734F2D514B1F009D99EE;
					};
				};
			};
			buildConfigurationList = 4C87734B2D514B1F009D99EE /* Build configuration list for PBXProject "ReelAI" */;
			developmentRegion = en;
			hasScannedForEncodings = 0;
			knownRegions = (
				en,
				Base,
			);
			mainGroup = 4C8773472D514B1F009D99EE;
			minimizedProjectReferenceProxies = 1;
			packageReferences = (
				4C66FF5C2D5168160095FCBE /* XCRemoteSwiftPackageReference "firebase-ios-sdk" */,
			);
			preferredProjectObjectVersion = 77;
			productRefGroup = 4C8773512D514B1F009D99EE /* Products */;
			projectDirPath = "";
			projectRoot = "";
			targets = (
				4C87734F2D514B1F009D99EE /* ReelAI */,
				4C87735F2D514B21009D99EE /* ReelAITests */,
				4C8773692D514B21009D99EE /* ReelAIUITests */,
			);
		};
/* End PBXProject section */

/* Begin PBXResourcesBuildPhase section */
		4C87734E2D514B1F009D99EE /* Resources */ = {
			isa = PBXResourcesBuildPhase;
			buildActionMask = 2147483647;
			files = (
				4CDCA7FA2D56BE1D0009BFBC /* GoogleService-Info.plist in Resources */,
			);
			runOnlyForDeploymentPostprocessing = 0;
		};
		4C87735E2D514B21009D99EE /* Resources */ = {
			isa = PBXResourcesBuildPhase;
			buildActionMask = 2147483647;
			files = (
			);
			runOnlyForDeploymentPostprocessing = 0;
		};
		4C8773682D514B21009D99EE /* Resources */ = {
			isa = PBXResourcesBuildPhase;
			buildActionMask = 2147483647;
			files = (
			);
			runOnlyForDeploymentPostprocessing = 0;
		};
/* End PBXResourcesBuildPhase section */

/* Begin PBXSourcesBuildPhase section */
		4C87734C2D514B1F009D99EE /* Sources */ = {
			isa = PBXSourcesBuildPhase;
			buildActionMask = 2147483647;
			files = (
			);
			runOnlyForDeploymentPostprocessing = 0;
		};
		4C87735C2D514B21009D99EE /* Sources */ = {
			isa = PBXSourcesBuildPhase;
			buildActionMask = 2147483647;
			files = (
			);
			runOnlyForDeploymentPostprocessing = 0;
		};
		4C8773662D514B21009D99EE /* Sources */ = {
			isa = PBXSourcesBuildPhase;
			buildActionMask = 2147483647;
			files = (
			);
			runOnlyForDeploymentPostprocessing = 0;
		};
/* End PBXSourcesBuildPhase section */

/* Begin PBXTargetDependency section */
		4C8773622D514B21009D99EE /* PBXTargetDependency */ = {
			isa = PBXTargetDependency;
			target = 4C87734F2D514B1F009D99EE /* ReelAI */;
			targetProxy = 4C8773612D514B21009D99EE /* PBXContainerItemProxy */;
		};
		4C87736C2D514B21009D99EE /* PBXTargetDependency */ = {
			isa = PBXTargetDependency;
			target = 4C87734F2D514B1F009D99EE /* ReelAI */;
			targetProxy = 4C87736B2D514B21009D99EE /* PBXContainerItemProxy */;
		};
/* End PBXTargetDependency section */

/* Begin XCBuildConfiguration section */
		4C8773722D514B21009D99EE /* Debug */ = {
			isa = XCBuildConfiguration;
			buildSettings = {
				ALWAYS_SEARCH_USER_PATHS = NO;
				ASSETCATALOG_COMPILER_GENERATE_SWIFT_ASSET_SYMBOL_EXTENSIONS = YES;
				CLANG_ANALYZER_NONNULL = YES;
				CLANG_ANALYZER_NUMBER_OBJECT_CONVERSION = YES_AGGRESSIVE;
				CLANG_CXX_LANGUAGE_STANDARD = "gnu++20";
				CLANG_ENABLE_MODULES = YES;
				CLANG_ENABLE_OBJC_ARC = YES;
				CLANG_ENABLE_OBJC_WEAK = YES;
				CLANG_WARN_BLOCK_CAPTURE_AUTORELEASING = YES;
				CLANG_WARN_BOOL_CONVERSION = YES;
				CLANG_WARN_COMMA = YES;
				CLANG_WARN_CONSTANT_CONVERSION = YES;
				CLANG_WARN_DEPRECATED_OBJC_IMPLEMENTATIONS = YES;
				CLANG_WARN_DIRECT_OBJC_ISA_USAGE = YES_ERROR;
				CLANG_WARN_DOCUMENTATION_COMMENTS = YES;
				CLANG_WARN_EMPTY_BODY = YES;
				CLANG_WARN_ENUM_CONVERSION = YES;
				CLANG_WARN_INFINITE_RECURSION = YES;
				CLANG_WARN_INT_CONVERSION = YES;
				CLANG_WARN_NON_LITERAL_NULL_CONVERSION = YES;
				CLANG_WARN_OBJC_IMPLICIT_RETAIN_SELF = YES;
				CLANG_WARN_OBJC_LITERAL_CONVERSION = YES;
				CLANG_WARN_OBJC_ROOT_CLASS = YES_ERROR;
				CLANG_WARN_QUOTED_INCLUDE_IN_FRAMEWORK_HEADER = YES;
				CLANG_WARN_RANGE_LOOP_ANALYSIS = YES;
				CLANG_WARN_STRICT_PROTOTYPES = YES;
				CLANG_WARN_SUSPICIOUS_MOVE = YES;
				CLANG_WARN_UNGUARDED_AVAILABILITY = YES_AGGRESSIVE;
				CLANG_WARN_UNREACHABLE_CODE = YES;
				CLANG_WARN__DUPLICATE_METHOD_MATCH = YES;
				COPY_PHASE_STRIP = NO;
				DEBUG_INFORMATION_FORMAT = dwarf;
				ENABLE_STRICT_OBJC_MSGSEND = YES;
				ENABLE_TESTABILITY = YES;
				ENABLE_USER_SCRIPT_SANDBOXING = YES;
				GCC_C_LANGUAGE_STANDARD = gnu17;
				GCC_DYNAMIC_NO_PIC = NO;
				GCC_NO_COMMON_BLOCKS = YES;
				GCC_OPTIMIZATION_LEVEL = 0;
				GCC_PREPROCESSOR_DEFINITIONS = (
					"DEBUG=1",
					"$(inherited)",
				);
				GCC_WARN_64_TO_32_BIT_CONVERSION = YES;
				GCC_WARN_ABOUT_RETURN_TYPE = YES_ERROR;
				GCC_WARN_UNDECLARED_SELECTOR = YES;
				GCC_WARN_UNINITIALIZED_AUTOS = YES_AGGRESSIVE;
				GCC_WARN_UNUSED_FUNCTION = YES;
				GCC_WARN_UNUSED_VARIABLE = YES;
				IPHONEOS_DEPLOYMENT_TARGET = 18.2;
				LOCALIZATION_PREFERS_STRING_CATALOGS = YES;
				MTL_ENABLE_DEBUG_INFO = INCLUDE_SOURCE;
				MTL_FAST_MATH = YES;
				ONLY_ACTIVE_ARCH = YES;
				SDKROOT = iphoneos;
				SWIFT_ACTIVE_COMPILATION_CONDITIONS = "DEBUG $(inherited)";
				SWIFT_OPTIMIZATION_LEVEL = "-Onone";
			};
			name = Debug;
		};
		4C8773732D514B21009D99EE /* Release */ = {
			isa = XCBuildConfiguration;
			buildSettings = {
				ALWAYS_SEARCH_USER_PATHS = NO;
				ASSETCATALOG_COMPILER_GENERATE_SWIFT_ASSET_SYMBOL_EXTENSIONS = YES;
				CLANG_ANALYZER_NONNULL = YES;
				CLANG_ANALYZER_NUMBER_OBJECT_CONVERSION = YES_AGGRESSIVE;
				CLANG_CXX_LANGUAGE_STANDARD = "gnu++20";
				CLANG_ENABLE_MODULES = YES;
				CLANG_ENABLE_OBJC_ARC = YES;
				CLANG_ENABLE_OBJC_WEAK = YES;
				CLANG_WARN_BLOCK_CAPTURE_AUTORELEASING = YES;
				CLANG_WARN_BOOL_CONVERSION = YES;
				CLANG_WARN_COMMA = YES;
				CLANG_WARN_CONSTANT_CONVERSION = YES;
				CLANG_WARN_DEPRECATED_OBJC_IMPLEMENTATIONS = YES;
				CLANG_WARN_DIRECT_OBJC_ISA_USAGE = YES_ERROR;
				CLANG_WARN_DOCUMENTATION_COMMENTS = YES;
				CLANG_WARN_EMPTY_BODY = YES;
				CLANG_WARN_ENUM_CONVERSION = YES;
				CLANG_WARN_INFINITE_RECURSION = YES;
				CLANG_WARN_INT_CONVERSION = YES;
				CLANG_WARN_NON_LITERAL_NULL_CONVERSION = YES;
				CLANG_WARN_OBJC_IMPLICIT_RETAIN_SELF = YES;
				CLANG_WARN_OBJC_LITERAL_CONVERSION = YES;
				CLANG_WARN_OBJC_ROOT_CLASS = YES_ERROR;
				CLANG_WARN_QUOTED_INCLUDE_IN_FRAMEWORK_HEADER = YES;
				CLANG_WARN_RANGE_LOOP_ANALYSIS = YES;
				CLANG_WARN_STRICT_PROTOTYPES = YES;
				CLANG_WARN_SUSPICIOUS_MOVE = YES;
				CLANG_WARN_UNGUARDED_AVAILABILITY = YES_AGGRESSIVE;
				CLANG_WARN_UNREACHABLE_CODE = YES;
				CLANG_WARN__DUPLICATE_METHOD_MATCH = YES;
				COPY_PHASE_STRIP = NO;
				DEBUG_INFORMATION_FORMAT = "dwarf-with-dsym";
				ENABLE_NS_ASSERTIONS = NO;
				ENABLE_STRICT_OBJC_MSGSEND = YES;
				ENABLE_USER_SCRIPT_SANDBOXING = YES;
				GCC_C_LANGUAGE_STANDARD = gnu17;
				GCC_NO_COMMON_BLOCKS = YES;
				GCC_WARN_64_TO_32_BIT_CONVERSION = YES;
				GCC_WARN_ABOUT_RETURN_TYPE = YES_ERROR;
				GCC_WARN_UNDECLARED_SELECTOR = YES;
				GCC_WARN_UNINITIALIZED_AUTOS = YES_AGGRESSIVE;
				GCC_WARN_UNUSED_FUNCTION = YES;
				GCC_WARN_UNUSED_VARIABLE = YES;
				IPHONEOS_DEPLOYMENT_TARGET = 18.2;
				LOCALIZATION_PREFERS_STRING_CATALOGS = YES;
				MTL_ENABLE_DEBUG_INFO = NO;
				MTL_FAST_MATH = YES;
				SDKROOT = iphoneos;
				SWIFT_COMPILATION_MODE = wholemodule;
				VALIDATE_PRODUCT = YES;
			};
			name = Release;
		};
		4C8773752D514B21009D99EE /* Debug */ = {
			isa = XCBuildConfiguration;
			buildSettings = {
				ASSETCATALOG_COMPILER_APPICON_NAME = AppIcon;
				ASSETCATALOG_COMPILER_GLOBAL_ACCENT_COLOR_NAME = AccentColor;
				CODE_SIGN_IDENTITY = "Apple Development";
				CODE_SIGN_STYLE = Automatic;
				CURRENT_PROJECT_VERSION = 1;
				DEVELOPMENT_ASSET_PATHS = "\"ReelAI/Preview Content\"";
				DEVELOPMENT_TEAM = AT2HT9MT4G;
				ENABLE_PREVIEWS = YES;
				GENERATE_INFOPLIST_FILE = YES;
				INFOPLIST_KEY_UIApplicationSceneManifest_Generation = YES;
				INFOPLIST_KEY_UIApplicationSupportsIndirectInputEvents = YES;
				INFOPLIST_KEY_UILaunchScreen_Generation = YES;
				INFOPLIST_KEY_UISupportedInterfaceOrientations = UIInterfaceOrientationPortrait;
				INFOPLIST_KEY_UISupportedInterfaceOrientations_iPad = "UIInterfaceOrientationLandscapeLeft UIInterfaceOrientationPortrait";
				LD_RUNPATH_SEARCH_PATHS = (
					"$(inherited)",
					"@executable_path/Frameworks",
				);
				MARKETING_VERSION = 1.0;
				PRODUCT_BUNDLE_IDENTIFIER = com.ten.reelai;
				PRODUCT_NAME = "$(TARGET_NAME)";
				PROVISIONING_PROFILE_SPECIFIER = "";
				SUPPORTED_PLATFORMS = "iphoneos iphonesimulator";
				SUPPORTS_MACCATALYST = NO;
				SUPPORTS_MAC_DESIGNED_FOR_IPHONE_IPAD = NO;
				SUPPORTS_XR_DESIGNED_FOR_IPHONE_IPAD = NO;
				SWIFT_EMIT_LOC_STRINGS = YES;
				SWIFT_VERSION = 5.0;
				TARGETED_DEVICE_FAMILY = 1;
			};
			name = Debug;
		};
		4C8773762D514B21009D99EE /* Release */ = {
			isa = XCBuildConfiguration;
			buildSettings = {
				ASSETCATALOG_COMPILER_APPICON_NAME = AppIcon;
				ASSETCATALOG_COMPILER_GLOBAL_ACCENT_COLOR_NAME = AccentColor;
				CODE_SIGN_IDENTITY = "Apple Development";
				CODE_SIGN_STYLE = Automatic;
				CURRENT_PROJECT_VERSION = 1;
				DEVELOPMENT_ASSET_PATHS = "\"ReelAI/Preview Content\"";
				DEVELOPMENT_TEAM = AT2HT9MT4G;
				ENABLE_PREVIEWS = YES;
				GENERATE_INFOPLIST_FILE = YES;
				INFOPLIST_KEY_UIApplicationSceneManifest_Generation = YES;
				INFOPLIST_KEY_UIApplicationSupportsIndirectInputEvents = YES;
				INFOPLIST_KEY_UILaunchScreen_Generation = YES;
				INFOPLIST_KEY_UISupportedInterfaceOrientations = UIInterfaceOrientationPortrait;
				INFOPLIST_KEY_UISupportedInterfaceOrientations_iPad = "UIInterfaceOrientationLandscapeLeft UIInterfaceOrientationPortrait";
				LD_RUNPATH_SEARCH_PATHS = (
					"$(inherited)",
					"@executable_path/Frameworks",
				);
				MARKETING_VERSION = 1.0;
				PRODUCT_BUNDLE_IDENTIFIER = com.ten.reelai;
				PRODUCT_NAME = "$(TARGET_NAME)";
				PROVISIONING_PROFILE_SPECIFIER = "";
				SUPPORTED_PLATFORMS = "iphoneos iphonesimulator";
				SUPPORTS_MACCATALYST = NO;
				SUPPORTS_MAC_DESIGNED_FOR_IPHONE_IPAD = NO;
				SUPPORTS_XR_DESIGNED_FOR_IPHONE_IPAD = NO;
				SWIFT_EMIT_LOC_STRINGS = YES;
				SWIFT_VERSION = 5.0;
				TARGETED_DEVICE_FAMILY = 1;
			};
			name = Release;
		};
		4C8773782D514B21009D99EE /* Debug */ = {
			isa = XCBuildConfiguration;
			buildSettings = {
				BUNDLE_LOADER = "$(TEST_HOST)";
				CODE_SIGN_STYLE = Automatic;
				CURRENT_PROJECT_VERSION = 1;
				GENERATE_INFOPLIST_FILE = YES;
				IPHONEOS_DEPLOYMENT_TARGET = 18.2;
				MARKETING_VERSION = 1.0;
				PRODUCT_BUNDLE_IDENTIFIER = GauntletAI.ReelAITests;
				PRODUCT_NAME = "$(TARGET_NAME)";
				SWIFT_EMIT_LOC_STRINGS = NO;
				SWIFT_VERSION = 5.0;
				TARGETED_DEVICE_FAMILY = "1,2";
				TEST_HOST = "$(BUILT_PRODUCTS_DIR)/ReelAI.app/$(BUNDLE_EXECUTABLE_FOLDER_PATH)/ReelAI";
			};
			name = Debug;
		};
		4C8773792D514B21009D99EE /* Release */ = {
			isa = XCBuildConfiguration;
			buildSettings = {
				BUNDLE_LOADER = "$(TEST_HOST)";
				CODE_SIGN_STYLE = Automatic;
				CURRENT_PROJECT_VERSION = 1;
				GENERATE_INFOPLIST_FILE = YES;
				IPHONEOS_DEPLOYMENT_TARGET = 18.2;
				MARKETING_VERSION = 1.0;
				PRODUCT_BUNDLE_IDENTIFIER = GauntletAI.ReelAITests;
				PRODUCT_NAME = "$(TARGET_NAME)";
				SWIFT_EMIT_LOC_STRINGS = NO;
				SWIFT_VERSION = 5.0;
				TARGETED_DEVICE_FAMILY = "1,2";
				TEST_HOST = "$(BUILT_PRODUCTS_DIR)/ReelAI.app/$(BUNDLE_EXECUTABLE_FOLDER_PATH)/ReelAI";
			};
			name = Release;
		};
		4C87737B2D514B21009D99EE /* Debug */ = {
			isa = XCBuildConfiguration;
			buildSettings = {
				CODE_SIGN_STYLE = Automatic;
				CURRENT_PROJECT_VERSION = 1;
				GENERATE_INFOPLIST_FILE = YES;
				MARKETING_VERSION = 1.0;
				PRODUCT_BUNDLE_IDENTIFIER = GauntletAI.ReelAIUITests;
				PRODUCT_NAME = "$(TARGET_NAME)";
				SWIFT_EMIT_LOC_STRINGS = NO;
				SWIFT_VERSION = 5.0;
				TARGETED_DEVICE_FAMILY = "1,2";
				TEST_TARGET_NAME = ReelAI;
			};
			name = Debug;
		};
		4C87737C2D514B21009D99EE /* Release */ = {
			isa = XCBuildConfiguration;
			buildSettings = {
				CODE_SIGN_STYLE = Automatic;
				CURRENT_PROJECT_VERSION = 1;
				GENERATE_INFOPLIST_FILE = YES;
				MARKETING_VERSION = 1.0;
				PRODUCT_BUNDLE_IDENTIFIER = GauntletAI.ReelAIUITests;
				PRODUCT_NAME = "$(TARGET_NAME)";
				SWIFT_EMIT_LOC_STRINGS = NO;
				SWIFT_VERSION = 5.0;
				TARGETED_DEVICE_FAMILY = "1,2";
				TEST_TARGET_NAME = ReelAI;
			};
			name = Release;
		};
/* End XCBuildConfiguration section */

/* Begin XCConfigurationList section */
		4C87734B2D514B1F009D99EE /* Build configuration list for PBXProject "ReelAI" */ = {
			isa = XCConfigurationList;
			buildConfigurations = (
				4C8773722D514B21009D99EE /* Debug */,
				4C8773732D514B21009D99EE /* Release */,
			);
			defaultConfigurationIsVisible = 0;
			defaultConfigurationName = Release;
		};
		4C8773742D514B21009D99EE /* Build configuration list for PBXNativeTarget "ReelAI" */ = {
			isa = XCConfigurationList;
			buildConfigurations = (
				4C8773752D514B21009D99EE /* Debug */,
				4C8773762D514B21009D99EE /* Release */,
			);
			defaultConfigurationIsVisible = 0;
			defaultConfigurationName = Release;
		};
		4C8773772D514B21009D99EE /* Build configuration list for PBXNativeTarget "ReelAITests" */ = {
			isa = XCConfigurationList;
			buildConfigurations = (
				4C8773782D514B21009D99EE /* Debug */,
				4C8773792D514B21009D99EE /* Release */,
			);
			defaultConfigurationIsVisible = 0;
			defaultConfigurationName = Release;
		};
		4C87737A2D514B21009D99EE /* Build configuration list for PBXNativeTarget "ReelAIUITests" */ = {
			isa = XCConfigurationList;
			buildConfigurations = (
				4C87737B2D514B21009D99EE /* Debug */,
				4C87737C2D514B21009D99EE /* Release */,
			);
			defaultConfigurationIsVisible = 0;
			defaultConfigurationName = Release;
		};
/* End XCConfigurationList section */

/* Begin XCRemoteSwiftPackageReference section */
		4C66FF5C2D5168160095FCBE /* XCRemoteSwiftPackageReference "firebase-ios-sdk" */ = {
			isa = XCRemoteSwiftPackageReference;
			repositoryURL = "https://github.com/firebase/firebase-ios-sdk";
			requirement = {
				kind = upToNextMajorVersion;
				minimumVersion = 11.8.0;
			};
		};
/* End XCRemoteSwiftPackageReference section */

/* Begin XCSwiftPackageProductDependency section */
		4C66FF5D2D5168160095FCBE /* FirebaseAuth */ = {
			isa = XCSwiftPackageProductDependency;
			package = 4C66FF5C2D5168160095FCBE /* XCRemoteSwiftPackageReference "firebase-ios-sdk" */;
			productName = FirebaseAuth;
		};
		4C66FF5F2D5168160095FCBE /* FirebaseFirestore */ = {
			isa = XCSwiftPackageProductDependency;
			package = 4C66FF5C2D5168160095FCBE /* XCRemoteSwiftPackageReference "firebase-ios-sdk" */;
			productName = FirebaseFirestore;
		};
		4C66FF612D5168160095FCBE /* FirebaseStorage */ = {
			isa = XCSwiftPackageProductDependency;
			package = 4C66FF5C2D5168160095FCBE /* XCRemoteSwiftPackageReference "firebase-ios-sdk" */;
			productName = FirebaseStorage;
		};
		4C66FF652D516BE30095FCBE /* FirebaseAnalytics */ = {
			isa = XCSwiftPackageProductDependency;
			package = 4C66FF5C2D5168160095FCBE /* XCRemoteSwiftPackageReference "firebase-ios-sdk" */;
			productName = FirebaseAnalytics;
		};
		4C66FF672D516BE30095FCBE /* FirebaseAnalyticsWithoutAdIdSupport */ = {
			isa = XCSwiftPackageProductDependency;
			package = 4C66FF5C2D5168160095FCBE /* XCRemoteSwiftPackageReference "firebase-ios-sdk" */;
			productName = FirebaseAnalyticsWithoutAdIdSupport;
		};
		4C7611402D540A2800D24827 /* FirebaseDatabase */ = {
			isa = XCSwiftPackageProductDependency;
			package = 4C66FF5C2D5168160095FCBE /* XCRemoteSwiftPackageReference "firebase-ios-sdk" */;
			productName = FirebaseDatabase;
		};
/* End XCSwiftPackageProductDependency section */
	};
	rootObject = 4C8773482D514B1F009D99EE /* Project object */;
}
